
Microsoft Visual Studio Solution File, Format Version 12.00
# Visual Studio Version 16
VisualStudioVersion = 16.0.31424.327
MinimumVisualStudioVersion = 10.0.40219.1
Project("{9A19103F-16F7-4668-BE54-9A1E7A4F7556}") = "ConsumerCity.AwsManager.Func", "ConsumerCity.AwsManager.Func\ConsumerCity.AwsManager.Func.csproj", "{20E4EDAE-51E2-44D2-98CA-B67A1CABA1E1}"
EndProject
Global
	GlobalSection(SolutionConfigurationPlatforms) = preSolution
		Debug|Any CPU = Debug|Any CPU
		Release|Any CPU = Release|Any CPU
	EndGlobalSection
	GlobalSection(ProjectConfigurationPlatforms) = postSolution
		{20E4EDAE-51E2-44D2-98CA-B67A1CABA1E1}.Debug|Any CPU.ActiveCfg = Debug|Any CPU
		{20E4EDAE-51E2-44D2-98CA-B67A1CABA1E1}.Debug|Any CPU.Build.0 = Debug|Any CPU
		{20E4EDAE-51E2-44D2-98CA-B67A1CABA1E1}.Release|Any CPU.ActiveCfg = Release|Any CPU
		{20E4EDAE-51E2-44D2-98CA-B67A1CABA1E1}.Release|Any CPU.Build.0 = Release|Any CPU
	EndGlobalSection
	GlobalSection(SolutionProperties) = preSolution
		HideSolutionNode = FALSE
	EndGlobalSection
	GlobalSection(ExtensibilityGlobals) = postSolution
		SolutionGuid = {C37CB090-C6E7-4782-B92D-60BD0C2640D2}
	EndGlobalSection
EndGlobal
